
Microsoft Visual Studio Solution File, Format Version 12.00
# Visual Studio Version 16
VisualStudioVersion = 16.0.31624.102
MinimumVisualStudioVersion = 10.0.40219.1
Project("{FAE04EC0-301F-11D3-BF4B-00C04F79EFBC}") = "LSJSistemas", "LSJSistemas\LSJSistemas.csproj", "{DF900E8F-A51D-4CEC-B6E8-7E9656985DB0}"
EndProject
Global
	GlobalSection(SolutionConfigurationPlatforms) = preSolution
		Debug|Any CPU = Debug|Any CPU
		Release|Any CPU = Release|Any CPU
	EndGlobalSection
	GlobalSection(ProjectConfigurationPlatforms) = postSolution
		{DF900E8F-A51D-4CEC-B6E8-7E9656985DB0}.Debug|Any CPU.ActiveCfg = Debug|Any CPU
		{DF900E8F-A51D-4CEC-B6E8-7E9656985DB0}.Debug|Any CPU.Build.0 = Debug|Any CPU
		{DF900E8F-A51D-4CEC-B6E8-7E9656985DB0}.Release|Any CPU.ActiveCfg = Release|Any CPU
		{DF900E8F-A51D-4CEC-B6E8-7E9656985DB0}.Release|Any CPU.Build.0 = Release|Any CPU
	EndGlobalSection
	GlobalSection(SolutionProperties) = preSolution
		HideSolutionNode = FALSE
	EndGlobalSection
	GlobalSection(ExtensibilityGlobals) = postSolution
		SolutionGuid = {C341DC77-4F7C-43E7-8833-50870E842B32}
	EndGlobalSection
EndGlobal
